
Microsoft Visual Studio Solution File, Format Version 12.00
# Visual Studio Version 17
VisualStudioVersion = 17.2.32630.192
MinimumVisualStudioVersion = 10.0.40219.1
Project("{8BC9CEB8-8B4A-11D0-8D11-00A0C91BC942}") = "00_instance_creation", "00_instance_creation\00_instance_creation.vcxproj", "{9A7EEF6F-AA2F-4C69-BECA-EE6641E545B5}"
EndProject
Project("{8BC9CEB8-8B4A-11D0-8D11-00A0C91BC942}") = "01_validation_layers", "01_validation_layers\01_validation_layers.vcxproj", "{5A4DB71A-E5EB-4AFE-8496-36F073B7A4A5}"
EndProject
Global
	GlobalSection(SolutionConfigurationPlatforms) = preSolution
		Debug|x64 = Debug|x64
		Debug|x86 = Debug|x86
		Release|x64 = Release|x64
		Release|x86 = Release|x86
	EndGlobalSection
	GlobalSection(ProjectConfigurationPlatforms) = postSolution
		{9A7EEF6F-AA2F-4C69-BECA-EE6641E545B5}.Debug|x64.ActiveCfg = Debug|x64
		{9A7EEF6F-AA2F-4C69-BECA-EE6641E545B5}.Debug|x64.Build.0 = Debug|x64
		{9A7EEF6F-AA2F-4C69-BECA-EE6641E545B5}.Debug|x86.ActiveCfg = Debug|Win32
		{9A7EEF6F-AA2F-4C69-BECA-EE6641E545B5}.Debug|x86.Build.0 = Debug|Win32
		{9A7EEF6F-AA2F-4C69-BECA-EE6641E545B5}.Release|x64.ActiveCfg = Release|x64
		{9A7EEF6F-AA2F-4C69-BECA-EE6641E545B5}.Release|x64.Build.0 = Release|x64
		{9A7EEF6F-AA2F-4C69-BECA-EE6641E545B5}.Release|x86.ActiveCfg = Release|Win32
		{9A7EEF6F-AA2F-4C69-BECA-EE6641E545B5}.Release|x86.Build.0 = Release|Win32
		{5A4DB71A-E5EB-4AFE-8496-36F073B7A4A5}.Debug|x64.ActiveCfg = Debug|x64
		{5A4DB71A-E5EB-4AFE-8496-36F073B7A4A5}.Debug|x64.Build.0 = Debug|x64
		{5A4DB71A-E5EB-4AFE-8496-36F073B7A4A5}.Debug|x86.ActiveCfg = Debug|Win32
		{5A4DB71A-E5EB-4AFE-8496-36F073B7A4A5}.Debug|x86.Build.0 = Debug|Win32
		{5A4DB71A-E5EB-4AFE-8496-36F073B7A4A5}.Release|x64.ActiveCfg = Release|x64
		{5A4DB71A-E5EB-4AFE-8496-36F073B7A4A5}.Release|x64.Build.0 = Release|x64
		{5A4DB71A-E5EB-4AFE-8496-36F073B7A4A5}.Release|x86.ActiveCfg = Release|Win32
		{5A4DB71A-E5EB-4AFE-8496-36F073B7A4A5}.Release|x86.Build.0 = Release|Win32
	EndGlobalSection
	GlobalSection(SolutionProperties) = preSolution
		HideSolutionNode = FALSE
	EndGlobalSection
	GlobalSection(ExtensibilityGlobals) = postSolution
		SolutionGuid = {4BBFD47F-2D40-4709-915D-8967D48E25E3}
	EndGlobalSection
EndGlobal
